
Microsoft Visual Studio Solution File, Format Version 12.00
# Visual Studio Version 17
VisualStudioVersion = 17.10.35027.167
MinimumVisualStudioVersion = 10.0.40219.1
Project("{8BC9CEB8-8B4A-11D0-8D11-00A0C91BC942}") = "RiftEngine", "RiftEngine.vcxproj", "{7F1035F3-AA0F-4A63-8D66-CD99A8926428}"
EndProject
Global
	GlobalSection(SolutionConfigurationPlatforms) = preSolution
		Debug|x64 = Debug|x64
		Debug|x86 = Debug|x86
		Release|x64 = Release|x64
		Release|x86 = Release|x86
	EndGlobalSection
	GlobalSection(ProjectConfigurationPlatforms) = postSolution
		{7F1035F3-AA0F-4A63-8D66-CD99A8926428}.Debug|x64.ActiveCfg = Debug|x64
		{7F1035F3-AA0F-4A63-8D66-CD99A8926428}.Debug|x64.Build.0 = Debug|x64
		{7F1035F3-AA0F-4A63-8D66-CD99A8926428}.Debug|x86.ActiveCfg = Debug|Win32
		{7F1035F3-AA0F-4A63-8D66-CD99A8926428}.Debug|x86.Build.0 = Debug|Win32
		{7F1035F3-AA0F-4A63-8D66-CD99A8926428}.Release|x64.ActiveCfg = Release|x64
		{7F1035F3-AA0F-4A63-8D66-CD99A8926428}.Release|x64.Build.0 = Release|x64
		{7F1035F3-AA0F-4A63-8D66-CD99A8926428}.Release|x86.ActiveCfg = Release|Win32
		{7F1035F3-AA0F-4A63-8D66-CD99A8926428}.Release|x86.Build.0 = Release|Win32
	EndGlobalSection
	GlobalSection(SolutionProperties) = preSolution
		HideSolutionNode = FALSE
	EndGlobalSection
	GlobalSection(ExtensibilityGlobals) = postSolution
		SolutionGuid = {B9818809-3506-4D8E-A3DE-ABA85D29557C}
	EndGlobalSection
EndGlobal
